{
  "name": "api",
  "lockfileVersion": 3,
  "requires": true,
  "packages": {
    "": {
      "dependencies": {
        "@cloudflare/workers-types": "^5.20260808.1"
      }
    },
    "node_modules/@cloudflare/workers-types": {
      "version": "5.20260808.1",
      "resolved": "https://registry.npmjs.org/@cloudflare/workers-types/-/workers-types-5.20260808.1.tgz",
      "integrity": "sha512-DN7G9SMyeOq031YhQexoExFAK78ms74cFiFF1teDlTK4+LjHgIc5Z8VbvXQtcCIP//o38btxzxW0b9MGPA83CA==",
      "license": "MIT OR Apache-2.0"
    }
  }
}
